
Microsoft Visual Studio Solution File, Format Version 12.00
# Visual Studio 15
VisualStudioVersion = 15.0.28307.757
MinimumVisualStudioVersion = 10.0.40219.1
Project("{FAE04EC0-301F-11D3-BF4B-00C04F79EFBC}") = "EmployeeService", "EmployeeService\EmployeeService.csproj", "{C45F01DD-4713-465E-A7CC-90392E0F36B0}"
EndProject
Project("{FAE04EC0-301F-11D3-BF4B-00C04F79EFBC}") = "EmployeeDA", "EmployeeDA\EmployeeDA.csproj", "{48869370-38E5-44B6-925E-75A03A4D82FC}"
EndProject
Project("{FAE04EC0-301F-11D3-BF4B-00C04F79EFBC}") = "ClientApplication", "ClientApplication\ClientApplication.csproj", "{2CCAF915-8E11-4C32-A6C4-ABD7C813668F}"
EndProject
Global
	GlobalSection(SolutionConfigurationPlatforms) = preSolution
		Debug|Any CPU = Debug|Any CPU
		Release|Any CPU = Release|Any CPU
	EndGlobalSection
	GlobalSection(ProjectConfigurationPlatforms) = postSolution
		{C45F01DD-4713-465E-A7CC-90392E0F36B0}.Debug|Any CPU.ActiveCfg = Debug|Any CPU
		{C45F01DD-4713-465E-A7CC-90392E0F36B0}.Debug|Any CPU.Build.0 = Debug|Any CPU
		{C45F01DD-4713-465E-A7CC-90392E0F36B0}.Release|Any CPU.ActiveCfg = Release|Any CPU
		{C45F01DD-4713-465E-A7CC-90392E0F36B0}.Release|Any CPU.Build.0 = Release|Any CPU
		{48869370-38E5-44B6-925E-75A03A4D82FC}.Debug|Any CPU.ActiveCfg = Debug|Any CPU
		{48869370-38E5-44B6-925E-75A03A4D82FC}.Debug|Any CPU.Build.0 = Debug|Any CPU
		{48869370-38E5-44B6-925E-75A03A4D82FC}.Release|Any CPU.ActiveCfg = Release|Any CPU
		{48869370-38E5-44B6-925E-75A03A4D82FC}.Release|Any CPU.Build.0 = Release|Any CPU
		{2CCAF915-8E11-4C32-A6C4-ABD7C813668F}.Debug|Any CPU.ActiveCfg = Debug|Any CPU
		{2CCAF915-8E11-4C32-A6C4-ABD7C813668F}.Debug|Any CPU.Build.0 = Debug|Any CPU
		{2CCAF915-8E11-4C32-A6C4-ABD7C813668F}.Release|Any CPU.ActiveCfg = Release|Any CPU
		{2CCAF915-8E11-4C32-A6C4-ABD7C813668F}.Release|Any CPU.Build.0 = Release|Any CPU
	EndGlobalSection
	GlobalSection(SolutionProperties) = preSolution
		HideSolutionNode = FALSE
	EndGlobalSection
	GlobalSection(ExtensibilityGlobals) = postSolution
		SolutionGuid = {9C830340-EAC4-4DCB-BCB8-E8C3E60F2F26}
	EndGlobalSection
EndGlobal
